// !$*UTF8*$!
{
	archiveVersion = 1;
	classes = {
	};
	objectVersion = 46;
	objects = {

/* Begin PBXBuildFile section */
		922DD5C51D4ECA0900C9E367 /* AppDelegate.swift in Sources */ = {isa = PBXBuildFile; fileRef = 922DD5C41D4ECA0900C9E367 /* AppDelegate.swift */; };
		922DD5C71D4ECA0900C9E367 /* InstrumentationViewController.swift in Sources */ = {isa = PBXBuildFile; fileRef = 922DD5C61D4ECA0900C9E367 /* InstrumentationViewController.swift */; };
		922DD5C91D4ECA0900C9E367 /* SimulationViewController.swift in Sources */ = {isa = PBXBuildFile; fileRef = 922DD5C81D4ECA0900C9E367 /* SimulationViewController.swift */; };
		922DD5CC1D4ECA0900C9E367 /* Main.storyboard in Resources */ = {isa = PBXBuildFile; fileRef = 922DD5CA1D4ECA0900C9E367 /* Main.storyboard */; };
		922DD5CE1D4ECA0900C9E367 /* Assets.xcassets in Resources */ = {isa = PBXBuildFile; fileRef = 922DD5CD1D4ECA0900C9E367 /* Assets.xcassets */; };
		922DD5D11D4ECA0900C9E367 /* LaunchScreen.storyboard in Resources */ = {isa = PBXBuildFile; fileRef = 922DD5CF1D4ECA0900C9E367 /* LaunchScreen.storyboard */; };
		922DD5D91D4FA2EB00C9E367 /* GridProtocol.swift in Sources */ = {isa = PBXBuildFile; fileRef = 922DD5D81D4FA2EB00C9E367 /* GridProtocol.swift */; };
		922DD5DB1D4FA39300C9E367 /* EngineProtocol.swift in Sources */ = {isa = PBXBuildFile; fileRef = 922DD5DA1D4FA39300C9E367 /* EngineProtocol.swift */; };
		922DD5DD1D4FA3CB00C9E367 /* EngineDelegate.swift in Sources */ = {isa = PBXBuildFile; fileRef = 922DD5DC1D4FA3CB00C9E367 /* EngineDelegate.swift */; };
		922DD5DF1D4FA3F400C9E367 /* Grid.swift in Sources */ = {isa = PBXBuildFile; fileRef = 922DD5DE1D4FA3F400C9E367 /* Grid.swift */; };
		922DD5E11D4FA45100C9E367 /* StandardEngine.swift in Sources */ = {isa = PBXBuildFile; fileRef = 922DD5E01D4FA45100C9E367 /* StandardEngine.swift */; };
		922DD5E31D4FA4A900C9E367 /* GridView.swift in Sources */ = {isa = PBXBuildFile; fileRef = 922DD5E21D4FA4A900C9E367 /* GridView.swift */; };
		922DD5E51D4FA50A00C9E367 /* CellStates.swift in Sources */ = {isa = PBXBuildFile; fileRef = 922DD5E41D4FA50A00C9E367 /* CellStates.swift */; };
		922DD5E71D4FAA0D00C9E367 /* StatisticsViewController.swift in Sources */ = {isa = PBXBuildFile; fileRef = 922DD5E61D4FAA0D00C9E367 /* StatisticsViewController.swift */; };
		922E1DD41D51386300D632EB /* getData.swift in Sources */ = {isa = PBXBuildFile; fileRef = 922E1DD31D51386300D632EB /* getData.swift */; };
		922E1DD61D513C5500D632EB /* FormationsTableViewController.swift in Sources */ = {isa = PBXBuildFile; fileRef = 922E1DD51D513C5500D632EB /* FormationsTableViewController.swift */; };
		922E1DD81D51523600D632EB /* EditingViewController.swift in Sources */ = {isa = PBXBuildFile; fileRef = 922E1DD71D51523600D632EB /* EditingViewController.swift */; };
		922E1DDE1D525E4900D632EB /* SavingViewController.swift in Sources */ = {isa = PBXBuildFile; fileRef = 922E1DDD1D525E4900D632EB /* SavingViewController.swift */; };
/* End PBXBuildFile section */

/* Begin PBXFileReference section */
		922DD5C11D4ECA0900C9E367 /* FinalProject.app */ = {isa = PBXFileReference; explicitFileType = wrapper.application; includeInIndex = 0; path = FinalProject.app; sourceTree = BUILT_PRODUCTS_DIR; };
		922DD5C41D4ECA0900C9E367 /* AppDelegate.swift */ = {isa = PBXFileReference; lastKnownFileType = sourcecode.swift; path = AppDelegate.swift; sourceTree = "<group>"; };
		922DD5C61D4ECA0900C9E367 /* InstrumentationViewController.swift */ = {isa = PBXFileReference; lastKnownFileType = sourcecode.swift; path = InstrumentationViewController.swift; sourceTree = "<group>"; };
		922DD5C81D4ECA0900C9E367 /* SimulationViewController.swift */ = {isa = PBXFileReference; lastKnownFileType = sourcecode.swift; path = SimulationViewController.swift; sourceTree = "<group>"; };
		922DD5CB1D4ECA0900C9E367 /* Base */ = {isa = PBXFileReference; lastKnownFileType = file.storyboard; name = Base; path = Base.lproj/Main.storyboard; sourceTree = "<group>"; };
		922DD5CD1D4ECA0900C9E367 /* Assets.xcassets */ = {isa = PBXFileReference; lastKnownFileType = folder.assetcatalog; path = Assets.xcassets; sourceTree = "<group>"; };
		922DD5D01D4ECA0900C9E367 /* Base */ = {isa = PBXFileReference; lastKnownFileType = file.storyboard; name = Base; path = Base.lproj/LaunchScreen.storyboard; sourceTree = "<group>"; };
		922DD5D21D4ECA0900C9E367 /* Info.plist */ = {isa = PBXFileReference; lastKnownFileType = text.plist.xml; path = Info.plist; sourceTree = "<group>"; };
		922DD5D81D4FA2EB00C9E367 /* GridProtocol.swift */ = {isa = PBXFileReference; fileEncoding = 4; lastKnownFileType = sourcecode.swift; path = GridProtocol.swift; sourceTree = "<group>"; };
		922DD5DA1D4FA39300C9E367 /* EngineProtocol.swift */ = {isa = PBXFileReference; fileEncoding = 4; lastKnownFileType = sourcecode.swift; path = EngineProtocol.swift; sourceTree = "<group>"; };
		922DD5DC1D4FA3CB00C9E367 /* EngineDelegate.swift */ = {isa = PBXFileReference; fileEncoding = 4; lastKnownFileType = sourcecode.swift; path = EngineDelegate.swift; sourceTree = "<group>"; };
		922DD5DE1D4FA3F400C9E367 /* Grid.swift */ = {isa = PBXFileReference; fileEncoding = 4; lastKnownFileType = sourcecode.swift; path = Grid.swift; sourceTree = "<group>"; };
		922DD5E01D4FA45100C9E367 /* StandardEngine.swift */ = {isa = PBXFileReference; fileEncoding = 4; lastKnownFileType = sourcecode.swift; path = StandardEngine.swift; sourceTree = "<group>"; };
		922DD5E21D4FA4A900C9E367 /* GridView.swift */ = {isa = PBXFileReference; fileEncoding = 4; lastKnownFileType = sourcecode.swift; path = GridView.swift; sourceTree = "<group>"; };
		922DD5E41D4FA50A00C9E367 /* CellStates.swift */ = {isa = PBXFileReference; fileEncoding = 4; lastKnownFileType = sourcecode.swift; path = CellStates.swift; sourceTree = "<group>"; };
		922DD5E61D4FAA0D00C9E367 /* StatisticsViewController.swift */ = {isa = PBXFileReference; fileEncoding = 4; lastKnownFileType = sourcecode.swift; path = StatisticsViewController.swift; sourceTree = "<group>"; };
		922E1DD31D51386300D632EB /* getData.swift */ = {isa = PBXFileReference; fileEncoding = 4; lastKnownFileType = sourcecode.swift; path = getData.swift; sourceTree = "<group>"; };
		922E1DD51D513C5500D632EB /* FormationsTableViewController.swift */ = {isa = PBXFileReference; fileEncoding = 4; lastKnownFileType = sourcecode.swift; path = FormationsTableViewController.swift; sourceTree = "<group>"; };
		922E1DD71D51523600D632EB /* EditingViewController.swift */ = {isa = PBXFileReference; fileEncoding = 4; lastKnownFileType = sourcecode.swift; path = EditingViewController.swift; sourceTree = "<group>"; };
		922E1DDD1D525E4900D632EB /* SavingViewController.swift */ = {isa = PBXFileReference; fileEncoding = 4; lastKnownFileType = sourcecode.swift; name = SavingViewController.swift; path = ../SavingViewController.swift; sourceTree = "<group>"; };
/* End PBXFileReference section */

/* Begin PBXFrameworksBuildPhase section */
		922DD5BE1D4ECA0900C9E367 /* Frameworks */ = {
			isa = PBXFrameworksBuildPhase;
			buildActionMask = 2147483647;
			files = (
			);
			runOnlyForDeploymentPostprocessing = 0;
		};
/* End PBXFrameworksBuildPhase section */

/* Begin PBXGroup section */
		922DD5B81D4ECA0800C9E367 = {
			isa = PBXGroup;
			children = (
				922DD5C31D4ECA0900C9E367 /* FinalProject */,
				922DD5C21D4ECA0900C9E367 /* Products */,
			);
			sourceTree = "<group>";
		};
		922DD5C21D4ECA0900C9E367 /* Products */ = {
			isa = PBXGroup;
			children = (
				922DD5C11D4ECA0900C9E367 /* FinalProject.app */,
			);
			name = Products;
			sourceTree = "<group>";
		};
		922DD5C31D4ECA0900C9E367 /* FinalProject */ = {
			isa = PBXGroup;
			children = (
				922DD5C41D4ECA0900C9E367 /* AppDelegate.swift */,
				922DD5C61D4ECA0900C9E367 /* InstrumentationViewController.swift */,
				922DD5C81D4ECA0900C9E367 /* SimulationViewController.swift */,
				922DD5E61D4FAA0D00C9E367 /* StatisticsViewController.swift */,
				922E1DD51D513C5500D632EB /* FormationsTableViewController.swift */,
				922E1DD71D51523600D632EB /* EditingViewController.swift */,
				922E1DDD1D525E4900D632EB /* SavingViewController.swift */,
				922E1DD31D51386300D632EB /* getData.swift */,
				922DD5D81D4FA2EB00C9E367 /* GridProtocol.swift */,
				922DD5DA1D4FA39300C9E367 /* EngineProtocol.swift */,
				922DD5DC1D4FA3CB00C9E367 /* EngineDelegate.swift */,
				922DD5DE1D4FA3F400C9E367 /* Grid.swift */,
				922DD5E01D4FA45100C9E367 /* StandardEngine.swift */,
				922DD5E21D4FA4A900C9E367 /* GridView.swift */,
				922DD5E41D4FA50A00C9E367 /* CellStates.swift */,
				922DD5CA1D4ECA0900C9E367 /* Main.storyboard */,
				922DD5CD1D4ECA0900C9E367 /* Assets.xcassets */,
				922DD5CF1D4ECA0900C9E367 /* LaunchScreen.storyboard */,
				922DD5D21D4ECA0900C9E367 /* Info.plist */,
			);
			path = FinalProject;
			sourceTree = "<group>";
		};
/* End PBXGroup section */

/* Begin PBXNativeTarget section */
		922DD5C01D4ECA0900C9E367 /* FinalProject */ = {
			isa = PBXNativeTarget;
			buildConfigurationList = 922DD5D51D4ECA0900C9E367 /* Build configuration list for PBXNativeTarget "FinalProject" */;
			buildPhases = (
				922DD5BD1D4ECA0900C9E367 /* Sources */,
				922DD5BE1D4ECA0900C9E367 /* Frameworks */,
				922DD5BF1D4ECA0900C9E367 /* Resources */,
			);
			buildRules = (
			);
			dependencies = (
			);
			name = FinalProject;
			productName = FinalProject;
			productReference = 922DD5C11D4ECA0900C9E367 /* FinalProject.app */;
			productType = "com.apple.product-type.application";
		};
/* End PBXNativeTarget section */

/* Begin PBXProject section */
		922DD5B91D4ECA0800C9E367 /* Project object */ = {
			isa = PBXProject;
			attributes = {
				LastSwiftUpdateCheck = 0730;
				LastUpgradeCheck = 0730;
				ORGANIZATIONNAME = "Jack Ferrari";
				TargetAttributes = {
					922DD5C01D4ECA0900C9E367 = {
						CreatedOnToolsVersion = 7.3.1;
					};
				};
			};
			buildConfigurationList = 922DD5BC1D4ECA0800C9E367 /* Build configuration list for PBXProject "FinalProject" */;
			compatibilityVersion = "Xcode 3.2";
			developmentRegion = English;
			hasScannedForEncodings = 0;
			knownRegions = (
				en,
				Base,
			);
			mainGroup = 922DD5B81D4ECA0800C9E367;
			productRefGroup = 922DD5C21D4ECA0900C9E367 /* Products */;
			projectDirPath = "";
			projectRoot = "";
			targets = (
				922DD5C01D4ECA0900C9E367 /* FinalProject */,
			);
		};
/* End PBXProject section */

/* Begin PBXResourcesBuildPhase section */
		922DD5BF1D4ECA0900C9E367 /* Resources */ = {
			isa = PBXResourcesBuildPhase;
			buildActionMask = 2147483647;
			files = (
				922DD5D11D4ECA0900C9E367 /* LaunchScreen.storyboard in Resources */,
				922DD5CE1D4ECA0900C9E367 /* Assets.xcassets in Resources */,
				922DD5CC1D4ECA0900C9E367 /* Main.storyboard in Resources */,
			);
			runOnlyForDeploymentPostprocessing = 0;
		};
/* End PBXResourcesBuildPhase section */

/* Begin PBXSourcesBuildPhase section */
		922DD5BD1D4ECA0900C9E367 /* Sources */ = {
			isa = PBXSourcesBuildPhase;
			buildActionMask = 2147483647;
			files = (
				922DD5DD1D4FA3CB00C9E367 /* EngineDelegate.swift in Sources */,
				922DD5DB1D4FA39300C9E367 /* EngineProtocol.swift in Sources */,
				922DD5C91D4ECA0900C9E367 /* SimulationViewController.swift in Sources */,
				922E1DD81D51523600D632EB /* EditingViewController.swift in Sources */,
				922DD5E51D4FA50A00C9E367 /* CellStates.swift in Sources */,
				922E1DD61D513C5500D632EB /* FormationsTableViewController.swift in Sources */,
				922DD5D91D4FA2EB00C9E367 /* GridProtocol.swift in Sources */,
				922DD5E71D4FAA0D00C9E367 /* StatisticsViewController.swift in Sources */,
				922E1DDE1D525E4900D632EB /* SavingViewController.swift in Sources */,
				922E1DD41D51386300D632EB /* getData.swift in Sources */,
				922DD5C51D4ECA0900C9E367 /* AppDelegate.swift in Sources */,
				922DD5DF1D4FA3F400C9E367 /* Grid.swift in Sources */,
				922DD5E11D4FA45100C9E367 /* StandardEngine.swift in Sources */,
				922DD5E31D4FA4A900C9E367 /* GridView.swift in Sources */,
				922DD5C71D4ECA0900C9E367 /* InstrumentationViewController.swift in Sources */,
			);
			runOnlyForDeploymentPostprocessing = 0;
		};
/* End PBXSourcesBuildPhase section */

/* Begin PBXVariantGroup section */
		922DD5CA1D4ECA0900C9E367 /* Main.storyboard */ = {
			isa = PBXVariantGroup;
			children = (
				922DD5CB1D4ECA0900C9E367 /* Base */,
			);
			name = Main.storyboard;
			sourceTree = "<group>";
		};
		922DD5CF1D4ECA0900C9E367 /* LaunchScreen.storyboard */ = {
			isa = PBXVariantGroup;
			children = (
				922DD5D01D4ECA0900C9E367 /* Base */,
			);
			name = LaunchScreen.storyboard;
			sourceTree = "<group>";
		};
/* End PBXVariantGroup section */

/* Begin XCBuildConfiguration section */
		922DD5D31D4ECA0900C9E367 /* Debug */ = {
			isa = XCBuildConfiguration;
			buildSettings = {
				ALWAYS_SEARCH_USER_PATHS = NO;
				CLANG_ANALYZER_NONNULL = YES;
				CLANG_CXX_LANGUAGE_STANDARD = "gnu++0x";
				CLANG_CXX_LIBRARY = "libc++";
				CLANG_ENABLE_MODULES = YES;
				CLANG_ENABLE_OBJC_ARC = YES;
				CLANG_WARN_BOOL_CONVERSION = YES;
				CLANG_WARN_CONSTANT_CONVERSION = YES;
				CLANG_WARN_DIRECT_OBJC_ISA_USAGE = YES_ERROR;
				CLANG_WARN_EMPTY_BODY = YES;
				CLANG_WARN_ENUM_CONVERSION = YES;
				CLANG_WARN_INT_CONVERSION = YES;
				CLANG_WARN_OBJC_ROOT_CLASS = YES_ERROR;
				CLANG_WARN_UNREACHABLE_CODE = YES;
				CLANG_WARN__DUPLICATE_METHOD_MATCH = YES;
				"CODE_SIGN_IDENTITY[sdk=iphoneos*]" = "iPhone Developer";
				COPY_PHASE_STRIP = NO;
				DEBUG_INFORMATION_FORMAT = dwarf;
				ENABLE_STRICT_OBJC_MSGSEND = YES;
				ENABLE_TESTABILITY = YES;
				GCC_C_LANGUAGE_STANDARD = gnu99;
				GCC_DYNAMIC_NO_PIC = NO;
				GCC_NO_COMMON_BLOCKS = YES;
				GCC_OPTIMIZATION_LEVEL = 0;
				GCC_PREPROCESSOR_DEFINITIONS = (
					"DEBUG=1",
					"$(inherited)",
				);
				GCC_WARN_64_TO_32_BIT_CONVERSION = YES;
				GCC_WARN_ABOUT_RETURN_TYPE = YES_ERROR;
				GCC_WARN_UNDECLARED_SELECTOR = YES;
				GCC_WARN_UNINITIALIZED_AUTOS = YES_AGGRESSIVE;
				GCC_WARN_UNUSED_FUNCTION = YES;
				GCC_WARN_UNUSED_VARIABLE = YES;
				IPHONEOS_DEPLOYMENT_TARGET = 9.3;
				MTL_ENABLE_DEBUG_INFO = YES;
				ONLY_ACTIVE_ARCH = YES;
				SDKROOT = iphoneos;
				SWIFT_OPTIMIZATION_LEVEL = "-Onone";
				TARGETED_DEVICE_FAMILY = "1,2";
			};
			name = Debug;
		};
		922DD5D41D4ECA0900C9E367 /* Release */ = {
			isa = XCBuildConfiguration;
			buildSettings = {
				ALWAYS_SEARCH_USER_PATHS = NO;
				CLANG_ANALYZER_NONNULL = YES;
				CLANG_CXX_LANGUAGE_STANDARD = "gnu++0x";
				CLANG_CXX_LIBRARY = "libc++";
				CLANG_ENABLE_MODULES = YES;
				CLANG_ENABLE_OBJC_ARC = YES;
				CLANG_WARN_BOOL_CONVERSION = YES;
				CLANG_WARN_CONSTANT_CONVERSION = YES;
				CLANG_WARN_DIRECT_OBJC_ISA_USAGE = YES_ERROR;
				CLANG_WARN_EMPTY_BODY = YES;
				CLANG_WARN_ENUM_CONVERSION = YES;
				CLANG_WARN_INT_CONVERSION = YES;
				CLANG_WARN_OBJC_ROOT_CLASS = YES_ERROR;
				CLANG_WARN_UNREACHABLE_CODE = YES;
				CLANG_WARN__DUPLICATE_METHOD_MATCH = YES;
				"CODE_SIGN_IDENTITY[sdk=iphoneos*]" = "iPhone Developer";
				COPY_PHASE_STRIP = NO;
				DEBUG_INFORMATION_FORMAT = "dwarf-with-dsym";
				ENABLE_NS_ASSERTIONS = NO;
				ENABLE_STRICT_OBJC_MSGSEND = YES;
				GCC_C_LANGUAGE_STANDARD = gnu99;
				GCC_NO_COMMON_BLOCKS = YES;
				GCC_WARN_64_TO_32_BIT_CONVERSION = YES;
				GCC_WARN_ABOUT_RETURN_TYPE = YES_ERROR;
				GCC_WARN_UNDECLARED_SELECTOR = YES;
				GCC_WARN_UNINITIALIZED_AUTOS = YES_AGGRESSIVE;
				GCC_WARN_UNUSED_FUNCTION = YES;
				GCC_WARN_UNUSED_VARIABLE = YES;
				IPHONEOS_DEPLOYMENT_TARGET = 9.3;
				MTL_ENABLE_DEBUG_INFO = NO;
				SDKROOT = iphoneos;
				TARGETED_DEVICE_FAMILY = "1,2";
				VALIDATE_PRODUCT = YES;
			};
			name = Release;
		};
		922DD5D61D4ECA0900C9E367 /* Debug */ = {
			isa = XCBuildConfiguration;
			buildSettings = {
				ASSETCATALOG_COMPILER_APPICON_NAME = AppIcon;
				INFOPLIST_FILE = FinalProject/Info.plist;
				LD_RUNPATH_SEARCH_PATHS = "$(inherited) @executable_path/Frameworks";
				PRODUCT_BUNDLE_IDENTIFIER = harvard.FinalProject;
				PRODUCT_NAME = "$(TARGET_NAME)";
				TARGETED_DEVICE_FAMILY = "1,2";
			};
			name = Debug;
		};
		922DD5D71D4ECA0900C9E367 /* Release */ = {
			isa = XCBuildConfiguration;
			buildSettings = {
				ASSETCATALOG_COMPILER_APPICON_NAME = AppIcon;
				INFOPLIST_FILE = FinalProject/Info.plist;
				LD_RUNPATH_SEARCH_PATHS = "$(inherited) @executable_path/Frameworks";
				PRODUCT_BUNDLE_IDENTIFIER = harvard.FinalProject;
				PRODUCT_NAME = "$(TARGET_NAME)";
				TARGETED_DEVICE_FAMILY = "1,2";
			};
			name = Release;
		};
/* End XCBuildConfiguration section */

/* Begin XCConfigurationList section */
		922DD5BC1D4ECA0800C9E367 /* Build configuration list for PBXProject "FinalProject" */ = {
			isa = XCConfigurationList;
			buildConfigurations = (
				922DD5D31D4ECA0900C9E367 /* Debug */,
				922DD5D41D4ECA0900C9E367 /* Release */,
			);
			defaultConfigurationIsVisible = 0;
			defaultConfigurationName = Release;
		};
		922DD5D51D4ECA0900C9E367 /* Build configuration list for PBXNativeTarget "FinalProject" */ = {
			isa = XCConfigurationList;
			buildConfigurations = (
				922DD5D61D4ECA0900C9E367 /* Debug */,
				922DD5D71D4ECA0900C9E367 /* Release */,
			);
			defaultConfigurationIsVisible = 0;
			defaultConfigurationName = Release;
		};
/* End XCConfigurationList section */
	};
	rootObject = 922DD5B91D4ECA0800C9E367 /* Project object */;
}
